
Microsoft Visual Studio Solution File, Format Version 12.00
# Visual Studio Version 17
VisualStudioVersion = 17.13.35931.197
MinimumVisualStudioVersion = 10.0.40219.1
Project("{2150E333-8FDC-42A3-9474-1A3956D46DE8}") = "Services", "Services", "{02EA681E-C7D8-13C7-8484-4AC65E1B71E8}"
EndProject
Project("{2150E333-8FDC-42A3-9474-1A3956D46DE8}") = "Catalog", "Catalog", "{669A310F-4458-4602-8D43-A2D924A70DE8}"
EndProject
Project("{FAE04EC0-301F-11D3-BF4B-00C04F79EFBC}") = "CatalogAPI", "Services\Catalog\CatalogAPI\CatalogAPI.csproj", "{63457B6A-77FB-4F2B-8D86-A141F50A0E76}"
EndProject
Project("{2150E333-8FDC-42A3-9474-1A3956D46DE8}") = "BuildingBlocks", "BuildingBlocks", "{4947E413-6739-4351-AE90-75E3AB11B3CA}"
EndProject
Project("{FAE04EC0-301F-11D3-BF4B-00C04F79EFBC}") = "BuildingBlocks", "BuildingBlocks\BuildingBlocks\BuildingBlocks.csproj", "{2EC93703-B67F-4866-BD23-E733CF1393B2}"
EndProject
Project("{E53339B2-1760-4266-BCC7-CA923CBCF16C}") = "docker-compose", "docker-compose.dcproj", "{81DDED9D-158B-E303-5F62-77A2896D2A5A}"
EndProject
Project("{2150E333-8FDC-42A3-9474-1A3956D46DE8}") = "Basket", "Basket", "{3E44F47C-155C-4027-9139-C955B92AAC63}"
EndProject
Project("{FAE04EC0-301F-11D3-BF4B-00C04F79EFBC}") = "BasketApi", "Services\Basket\BasketApi\BasketApi.csproj", "{0A5DBF50-28E9-4DD7-A350-350E012C51A9}"
EndProject
Project("{2150E333-8FDC-42A3-9474-1A3956D46DE8}") = "Discount", "Discount", "{47C70691-89D7-493E-BB6F-EA9F33B9431B}"
EndProject
Project("{FAE04EC0-301F-11D3-BF4B-00C04F79EFBC}") = "DiscountGrpc", "Services\DiscountGrpc\DiscountGrpc\DiscountGrpc.csproj", "{C7BA701D-A9D8-4A68-B3AE-52F7540543D0}"
EndProject
Project("{2150E333-8FDC-42A3-9474-1A3956D46DE8}") = "Ordering", "Ordering", "{E991F485-E71C-4FA2-9C26-E4F2744704E0}"
EndProject
Project("{FAE04EC0-301F-11D3-BF4B-00C04F79EFBC}") = "OrderingApi", "Services\Ordering\OrderingApi\OrderingApi.csproj", "{700C67F4-A04A-4CAA-8931-6B6F9E4DA004}"
EndProject
Project("{FAE04EC0-301F-11D3-BF4B-00C04F79EFBC}") = "Ordering.Application", "Services\Ordering\Ordering.Application\Ordering.Application.csproj", "{AA72ADC1-7568-4235-8AF8-B79159A41FD6}"
EndProject
Project("{FAE04EC0-301F-11D3-BF4B-00C04F79EFBC}") = "Ordering.Infrastructure", "Services\Ordering\Ordering.Infrastructure\Ordering.Infrastructure.csproj", "{7D3CB8E4-E478-4B35-B7DA-13079C1AE89A}"
EndProject
Project("{FAE04EC0-301F-11D3-BF4B-00C04F79EFBC}") = "Ordering.Domain", "Services\Ordering\Ordering.Domain\Ordering.Domain.csproj", "{0A86500B-539B-44CA-AFCD-89FFA9681B16}"
EndProject
Project("{2150E333-8FDC-42A3-9474-1A3956D46DE8}") = "Api-Gateway", "Api-Gateway", "{9789557E-1F5C-40FB-99C7-EC1B74C30FF7}"
EndProject
Project("{2150E333-8FDC-42A3-9474-1A3956D46DE8}") = "ApiGateways", "ApiGateways", "{8450CF56-5DC7-366A-AE0A-4A8614F474CF}"
EndProject
Project("{FAE04EC0-301F-11D3-BF4B-00C04F79EFBC}") = "YarpApiGateway", "ApiGateways\YarpApiGateway\YarpApiGateway.csproj", "{89E56739-9C78-4DCB-9903-44D2A7E73949}"
EndProject
Global
	GlobalSection(SolutionConfigurationPlatforms) = preSolution
		Debug|Any CPU = Debug|Any CPU
		Debug|x64 = Debug|x64
		Debug|x86 = Debug|x86
		Release|Any CPU = Release|Any CPU
		Release|x64 = Release|x64
		Release|x86 = Release|x86
	EndGlobalSection
	GlobalSection(ProjectConfigurationPlatforms) = postSolution
		{63457B6A-77FB-4F2B-8D86-A141F50A0E76}.Debug|Any CPU.ActiveCfg = Debug|Any CPU
		{63457B6A-77FB-4F2B-8D86-A141F50A0E76}.Debug|Any CPU.Build.0 = Debug|Any CPU
		{63457B6A-77FB-4F2B-8D86-A141F50A0E76}.Debug|x64.ActiveCfg = Debug|Any CPU
		{63457B6A-77FB-4F2B-8D86-A141F50A0E76}.Debug|x64.Build.0 = Debug|Any CPU
		{63457B6A-77FB-4F2B-8D86-A141F50A0E76}.Debug|x86.ActiveCfg = Debug|Any CPU
		{63457B6A-77FB-4F2B-8D86-A141F50A0E76}.Debug|x86.Build.0 = Debug|Any CPU
		{63457B6A-77FB-4F2B-8D86-A141F50A0E76}.Release|Any CPU.ActiveCfg = Release|Any CPU
		{63457B6A-77FB-4F2B-8D86-A141F50A0E76}.Release|Any CPU.Build.0 = Release|Any CPU
		{63457B6A-77FB-4F2B-8D86-A141F50A0E76}.Release|x64.ActiveCfg = Release|Any CPU
		{63457B6A-77FB-4F2B-8D86-A141F50A0E76}.Release|x64.Build.0 = Release|Any CPU
		{63457B6A-77FB-4F2B-8D86-A141F50A0E76}.Release|x86.ActiveCfg = Release|Any CPU
		{63457B6A-77FB-4F2B-8D86-A141F50A0E76}.Release|x86.Build.0 = Release|Any CPU
		{2EC93703-B67F-4866-BD23-E733CF1393B2}.Debug|Any CPU.ActiveCfg = Debug|Any CPU
		{2EC93703-B67F-4866-BD23-E733CF1393B2}.Debug|Any CPU.Build.0 = Debug|Any CPU
		{2EC93703-B67F-4866-BD23-E733CF1393B2}.Debug|x64.ActiveCfg = Debug|Any CPU
		{2EC93703-B67F-4866-BD23-E733CF1393B2}.Debug|x64.Build.0 = Debug|Any CPU
		{2EC93703-B67F-4866-BD23-E733CF1393B2}.Debug|x86.ActiveCfg = Debug|Any CPU
		{2EC93703-B67F-4866-BD23-E733CF1393B2}.Debug|x86.Build.0 = Debug|Any CPU
		{2EC93703-B67F-4866-BD23-E733CF1393B2}.Release|Any CPU.ActiveCfg = Release|Any CPU
		{2EC93703-B67F-4866-BD23-E733CF1393B2}.Release|Any CPU.Build.0 = Release|Any CPU
		{2EC93703-B67F-4866-BD23-E733CF1393B2}.Release|x64.ActiveCfg = Release|Any CPU
		{2EC93703-B67F-4866-BD23-E733CF1393B2}.Release|x64.Build.0 = Release|Any CPU
		{2EC93703-B67F-4866-BD23-E733CF1393B2}.Release|x86.ActiveCfg = Release|Any CPU
		{2EC93703-B67F-4866-BD23-E733CF1393B2}.Release|x86.Build.0 = Release|Any CPU
		{81DDED9D-158B-E303-5F62-77A2896D2A5A}.Debug|Any CPU.ActiveCfg = Debug|Any CPU
		{81DDED9D-158B-E303-5F62-77A2896D2A5A}.Debug|Any CPU.Build.0 = Debug|Any CPU
		{81DDED9D-158B-E303-5F62-77A2896D2A5A}.Debug|x64.ActiveCfg = Debug|x64
		{81DDED9D-158B-E303-5F62-77A2896D2A5A}.Debug|x86.ActiveCfg = Debug|x86
		{81DDED9D-158B-E303-5F62-77A2896D2A5A}.Release|Any CPU.ActiveCfg = Release|Any CPU
		{81DDED9D-158B-E303-5F62-77A2896D2A5A}.Release|Any CPU.Build.0 = Release|Any CPU
		{81DDED9D-158B-E303-5F62-77A2896D2A5A}.Release|x64.ActiveCfg = Release|x64
		{81DDED9D-158B-E303-5F62-77A2896D2A5A}.Release|x86.ActiveCfg = Release|x86
		{0A5DBF50-28E9-4DD7-A350-350E012C51A9}.Debug|Any CPU.ActiveCfg = Debug|Any CPU
		{0A5DBF50-28E9-4DD7-A350-350E012C51A9}.Debug|Any CPU.Build.0 = Debug|Any CPU
		{0A5DBF50-28E9-4DD7-A350-350E012C51A9}.Debug|x64.ActiveCfg = Debug|Any CPU
		{0A5DBF50-28E9-4DD7-A350-350E012C51A9}.Debug|x64.Build.0 = Debug|Any CPU
		{0A5DBF50-28E9-4DD7-A350-350E012C51A9}.Debug|x86.ActiveCfg = Debug|Any CPU
		{0A5DBF50-28E9-4DD7-A350-350E012C51A9}.Debug|x86.Build.0 = Debug|Any CPU
		{0A5DBF50-28E9-4DD7-A350-350E012C51A9}.Release|Any CPU.ActiveCfg = Release|Any CPU
		{0A5DBF50-28E9-4DD7-A350-350E012C51A9}.Release|Any CPU.Build.0 = Release|Any CPU
		{0A5DBF50-28E9-4DD7-A350-350E012C51A9}.Release|x64.ActiveCfg = Release|Any CPU
		{0A5DBF50-28E9-4DD7-A350-350E012C51A9}.Release|x64.Build.0 = Release|Any CPU
		{0A5DBF50-28E9-4DD7-A350-350E012C51A9}.Release|x86.ActiveCfg = Release|Any CPU
		{0A5DBF50-28E9-4DD7-A350-350E012C51A9}.Release|x86.Build.0 = Release|Any CPU
		{C7BA701D-A9D8-4A68-B3AE-52F7540543D0}.Debug|Any CPU.ActiveCfg = Debug|Any CPU
		{C7BA701D-A9D8-4A68-B3AE-52F7540543D0}.Debug|Any CPU.Build.0 = Debug|Any CPU
		{C7BA701D-A9D8-4A68-B3AE-52F7540543D0}.Debug|x64.ActiveCfg = Debug|Any CPU
		{C7BA701D-A9D8-4A68-B3AE-52F7540543D0}.Debug|x64.Build.0 = Debug|Any CPU
		{C7BA701D-A9D8-4A68-B3AE-52F7540543D0}.Debug|x86.ActiveCfg = Debug|Any CPU
		{C7BA701D-A9D8-4A68-B3AE-52F7540543D0}.Debug|x86.Build.0 = Debug|Any CPU
		{C7BA701D-A9D8-4A68-B3AE-52F7540543D0}.Release|Any CPU.ActiveCfg = Release|Any CPU
		{C7BA701D-A9D8-4A68-B3AE-52F7540543D0}.Release|Any CPU.Build.0 = Release|Any CPU
		{C7BA701D-A9D8-4A68-B3AE-52F7540543D0}.Release|x64.ActiveCfg = Release|Any CPU
		{C7BA701D-A9D8-4A68-B3AE-52F7540543D0}.Release|x64.Build.0 = Release|Any CPU
		{C7BA701D-A9D8-4A68-B3AE-52F7540543D0}.Release|x86.ActiveCfg = Release|Any CPU
		{C7BA701D-A9D8-4A68-B3AE-52F7540543D0}.Release|x86.Build.0 = Release|Any CPU
		{700C67F4-A04A-4CAA-8931-6B6F9E4DA004}.Debug|Any CPU.ActiveCfg = Debug|Any CPU
		{700C67F4-A04A-4CAA-8931-6B6F9E4DA004}.Debug|Any CPU.Build.0 = Debug|Any CPU
		{700C67F4-A04A-4CAA-8931-6B6F9E4DA004}.Debug|x64.ActiveCfg = Debug|Any CPU
		{700C67F4-A04A-4CAA-8931-6B6F9E4DA004}.Debug|x64.Build.0 = Debug|Any CPU
		{700C67F4-A04A-4CAA-8931-6B6F9E4DA004}.Debug|x86.ActiveCfg = Debug|Any CPU
		{700C67F4-A04A-4CAA-8931-6B6F9E4DA004}.Debug|x86.Build.0 = Debug|Any CPU
		{700C67F4-A04A-4CAA-8931-6B6F9E4DA004}.Release|Any CPU.ActiveCfg = Release|Any CPU
		{700C67F4-A04A-4CAA-8931-6B6F9E4DA004}.Release|Any CPU.Build.0 = Release|Any CPU
		{700C67F4-A04A-4CAA-8931-6B6F9E4DA004}.Release|x64.ActiveCfg = Release|Any CPU
		{700C67F4-A04A-4CAA-8931-6B6F9E4DA004}.Release|x64.Build.0 = Release|Any CPU
		{700C67F4-A04A-4CAA-8931-6B6F9E4DA004}.Release|x86.ActiveCfg = Release|Any CPU
		{700C67F4-A04A-4CAA-8931-6B6F9E4DA004}.Release|x86.Build.0 = Release|Any CPU
		{AA72ADC1-7568-4235-8AF8-B79159A41FD6}.Debug|Any CPU.ActiveCfg = Debug|Any CPU
		{AA72ADC1-7568-4235-8AF8-B79159A41FD6}.Debug|Any CPU.Build.0 = Debug|Any CPU
		{AA72ADC1-7568-4235-8AF8-B79159A41FD6}.Debug|x64.ActiveCfg = Debug|Any CPU
		{AA72ADC1-7568-4235-8AF8-B79159A41FD6}.Debug|x64.Build.0 = Debug|Any CPU
		{AA72ADC1-7568-4235-8AF8-B79159A41FD6}.Debug|x86.ActiveCfg = Debug|Any CPU
		{AA72ADC1-7568-4235-8AF8-B79159A41FD6}.Debug|x86.Build.0 = Debug|Any CPU
		{AA72ADC1-7568-4235-8AF8-B79159A41FD6}.Release|Any CPU.ActiveCfg = Release|Any CPU
		{AA72ADC1-7568-4235-8AF8-B79159A41FD6}.Release|Any CPU.Build.0 = Release|Any CPU
		{AA72ADC1-7568-4235-8AF8-B79159A41FD6}.Release|x64.ActiveCfg = Release|Any CPU
		{AA72ADC1-7568-4235-8AF8-B79159A41FD6}.Release|x64.Build.0 = Release|Any CPU
		{AA72ADC1-7568-4235-8AF8-B79159A41FD6}.Release|x86.ActiveCfg = Release|Any CPU
		{AA72ADC1-7568-4235-8AF8-B79159A41FD6}.Release|x86.Build.0 = Release|Any CPU
		{7D3CB8E4-E478-4B35-B7DA-13079C1AE89A}.Debug|Any CPU.ActiveCfg = Debug|Any CPU
		{7D3CB8E4-E478-4B35-B7DA-13079C1AE89A}.Debug|Any CPU.Build.0 = Debug|Any CPU
		{7D3CB8E4-E478-4B35-B7DA-13079C1AE89A}.Debug|x64.ActiveCfg = Debug|Any CPU
		{7D3CB8E4-E478-4B35-B7DA-13079C1AE89A}.Debug|x64.Build.0 = Debug|Any CPU
		{7D3CB8E4-E478-4B35-B7DA-13079C1AE89A}.Debug|x86.ActiveCfg = Debug|Any CPU
		{7D3CB8E4-E478-4B35-B7DA-13079C1AE89A}.Debug|x86.Build.0 = Debug|Any CPU
		{7D3CB8E4-E478-4B35-B7DA-13079C1AE89A}.Release|Any CPU.ActiveCfg = Release|Any CPU
		{7D3CB8E4-E478-4B35-B7DA-13079C1AE89A}.Release|Any CPU.Build.0 = Release|Any CPU
		{7D3CB8E4-E478-4B35-B7DA-13079C1AE89A}.Release|x64.ActiveCfg = Release|Any CPU
		{7D3CB8E4-E478-4B35-B7DA-13079C1AE89A}.Release|x64.Build.0 = Release|Any CPU
		{7D3CB8E4-E478-4B35-B7DA-13079C1AE89A}.Release|x86.ActiveCfg = Release|Any CPU
		{7D3CB8E4-E478-4B35-B7DA-13079C1AE89A}.Release|x86.Build.0 = Release|Any CPU
		{0A86500B-539B-44CA-AFCD-89FFA9681B16}.Debug|Any CPU.ActiveCfg = Debug|Any CPU
		{0A86500B-539B-44CA-AFCD-89FFA9681B16}.Debug|Any CPU.Build.0 = Debug|Any CPU
		{0A86500B-539B-44CA-AFCD-89FFA9681B16}.Debug|x64.ActiveCfg = Debug|Any CPU
		{0A86500B-539B-44CA-AFCD-89FFA9681B16}.Debug|x64.Build.0 = Debug|Any CPU
		{0A86500B-539B-44CA-AFCD-89FFA9681B16}.Debug|x86.ActiveCfg = Debug|Any CPU
		{0A86500B-539B-44CA-AFCD-89FFA9681B16}.Debug|x86.Build.0 = Debug|Any CPU
		{0A86500B-539B-44CA-AFCD-89FFA9681B16}.Release|Any CPU.ActiveCfg = Release|Any CPU
		{0A86500B-539B-44CA-AFCD-89FFA9681B16}.Release|Any CPU.Build.0 = Release|Any CPU
		{0A86500B-539B-44CA-AFCD-89FFA9681B16}.Release|x64.ActiveCfg = Release|Any CPU
		{0A86500B-539B-44CA-AFCD-89FFA9681B16}.Release|x64.Build.0 = Release|Any CPU
		{0A86500B-539B-44CA-AFCD-89FFA9681B16}.Release|x86.ActiveCfg = Release|Any CPU
		{0A86500B-539B-44CA-AFCD-89FFA9681B16}.Release|x86.Build.0 = Release|Any CPU
		{89E56739-9C78-4DCB-9903-44D2A7E73949}.Debug|Any CPU.ActiveCfg = Debug|Any CPU
		{89E56739-9C78-4DCB-9903-44D2A7E73949}.Debug|Any CPU.Build.0 = Debug|Any CPU
		{89E56739-9C78-4DCB-9903-44D2A7E73949}.Debug|x64.ActiveCfg = Debug|Any CPU
		{89E56739-9C78-4DCB-9903-44D2A7E73949}.Debug|x64.Build.0 = Debug|Any CPU
		{89E56739-9C78-4DCB-9903-44D2A7E73949}.Debug|x86.ActiveCfg = Debug|Any CPU
		{89E56739-9C78-4DCB-9903-44D2A7E73949}.Debug|x86.Build.0 = Debug|Any CPU
		{89E56739-9C78-4DCB-9903-44D2A7E73949}.Release|Any CPU.ActiveCfg = Release|Any CPU
		{89E56739-9C78-4DCB-9903-44D2A7E73949}.Release|Any CPU.Build.0 = Release|Any CPU
		{89E56739-9C78-4DCB-9903-44D2A7E73949}.Release|x64.ActiveCfg = Release|Any CPU
		{89E56739-9C78-4DCB-9903-44D2A7E73949}.Release|x64.Build.0 = Release|Any CPU
		{89E56739-9C78-4DCB-9903-44D2A7E73949}.Release|x86.ActiveCfg = Release|Any CPU
		{89E56739-9C78-4DCB-9903-44D2A7E73949}.Release|x86.Build.0 = Release|Any CPU
	EndGlobalSection
	GlobalSection(SolutionProperties) = preSolution
		HideSolutionNode = FALSE
	EndGlobalSection
	GlobalSection(NestedProjects) = preSolution
		{669A310F-4458-4602-8D43-A2D924A70DE8} = {02EA681E-C7D8-13C7-8484-4AC65E1B71E8}
		{63457B6A-77FB-4F2B-8D86-A141F50A0E76} = {669A310F-4458-4602-8D43-A2D924A70DE8}
		{2EC93703-B67F-4866-BD23-E733CF1393B2} = {4947E413-6739-4351-AE90-75E3AB11B3CA}
		{3E44F47C-155C-4027-9139-C955B92AAC63} = {02EA681E-C7D8-13C7-8484-4AC65E1B71E8}
		{0A5DBF50-28E9-4DD7-A350-350E012C51A9} = {3E44F47C-155C-4027-9139-C955B92AAC63}
		{47C70691-89D7-493E-BB6F-EA9F33B9431B} = {02EA681E-C7D8-13C7-8484-4AC65E1B71E8}
		{C7BA701D-A9D8-4A68-B3AE-52F7540543D0} = {47C70691-89D7-493E-BB6F-EA9F33B9431B}
		{E991F485-E71C-4FA2-9C26-E4F2744704E0} = {02EA681E-C7D8-13C7-8484-4AC65E1B71E8}
		{700C67F4-A04A-4CAA-8931-6B6F9E4DA004} = {E991F485-E71C-4FA2-9C26-E4F2744704E0}
		{AA72ADC1-7568-4235-8AF8-B79159A41FD6} = {E991F485-E71C-4FA2-9C26-E4F2744704E0}
		{7D3CB8E4-E478-4B35-B7DA-13079C1AE89A} = {E991F485-E71C-4FA2-9C26-E4F2744704E0}
		{0A86500B-539B-44CA-AFCD-89FFA9681B16} = {E991F485-E71C-4FA2-9C26-E4F2744704E0}
		{89E56739-9C78-4DCB-9903-44D2A7E73949} = {8450CF56-5DC7-366A-AE0A-4A8614F474CF}
	EndGlobalSection
	GlobalSection(ExtensibilityGlobals) = postSolution
		SolutionGuid = {260ADD6C-AE4F-4AC3-ABE6-1D70C6998705}
	EndGlobalSection
EndGlobal
